// !$*UTF8*$!
{
	archiveVersion = 1;
	classes = {
	};
	objectVersion = 56;
	objects = {

/* Begin PBXBuildFile section */
		3DB266B02936608700A6F852 /* SearchGIFApp.swift in Sources */ = {isa = PBXBuildFile; fileRef = 3DB266AF2936608700A6F852 /* SearchGIFApp.swift */; };
		3DB266B22936608700A6F852 /* ContentView.swift in Sources */ = {isa = PBXBuildFile; fileRef = 3DB266B12936608700A6F852 /* ContentView.swift */; };
		3DB266B42936608A00A6F852 /* Assets.xcassets in Resources */ = {isa = PBXBuildFile; fileRef = 3DB266B32936608A00A6F852 /* Assets.xcassets */; };
		3DB266B72936608A00A6F852 /* Preview Assets.xcassets in Resources */ = {isa = PBXBuildFile; fileRef = 3DB266B62936608A00A6F852 /* Preview Assets.xcassets */; };
		3DB266C12936608A00A6F852 /* SearchGIFTests.swift in Sources */ = {isa = PBXBuildFile; fileRef = 3DB266C02936608A00A6F852 /* SearchGIFTests.swift */; };
		3DB266CB2936608A00A6F852 /* SearchGIFUITests.swift in Sources */ = {isa = PBXBuildFile; fileRef = 3DB266CA2936608A00A6F852 /* SearchGIFUITests.swift */; };
		3DB266CD2936608A00A6F852 /* SearchGIFUITestsLaunchTests.swift in Sources */ = {isa = PBXBuildFile; fileRef = 3DB266CC2936608A00A6F852 /* SearchGIFUITestsLaunchTests.swift */; };
/* End PBXBuildFile section */

/* Begin PBXContainerItemProxy section */
		3DB266BD2936608A00A6F852 /* PBXContainerItemProxy */ = {
			isa = PBXContainerItemProxy;
			containerPortal = 3DB266A42936608700A6F852 /* Project object */;
			proxyType = 1;
			remoteGlobalIDString = 3DB266AB2936608700A6F852;
			remoteInfo = SearchGIF;
		};
		3DB266C72936608A00A6F852 /* PBXContainerItemProxy */ = {
			isa = PBXContainerItemProxy;
			containerPortal = 3DB266A42936608700A6F852 /* Project object */;
			proxyType = 1;
			remoteGlobalIDString = 3DB266AB2936608700A6F852;
			remoteInfo = SearchGIF;
		};
/* End PBXContainerItemProxy section */

/* Begin PBXFileReference section */
		3DB266AC2936608700A6F852 /* SearchGIF.app */ = {isa = PBXFileReference; explicitFileType = wrapper.application; includeInIndex = 0; path = SearchGIF.app; sourceTree = BUILT_PRODUCTS_DIR; };
		3DB266AF2936608700A6F852 /* SearchGIFApp.swift */ = {isa = PBXFileReference; lastKnownFileType = sourcecode.swift; path = SearchGIFApp.swift; sourceTree = "<group>"; };
		3DB266B12936608700A6F852 /* ContentView.swift */ = {isa = PBXFileReference; lastKnownFileType = sourcecode.swift; path = ContentView.swift; sourceTree = "<group>"; };
		3DB266B32936608A00A6F852 /* Assets.xcassets */ = {isa = PBXFileReference; lastKnownFileType = folder.assetcatalog; path = Assets.xcassets; sourceTree = "<group>"; };
		3DB266B62936608A00A6F852 /* Preview Assets.xcassets */ = {isa = PBXFileReference; lastKnownFileType = folder.assetcatalog; path = "Preview Assets.xcassets"; sourceTree = "<group>"; };
		3DB266BC2936608A00A6F852 /* SearchGIFTests.xctest */ = {isa = PBXFileReference; explicitFileType = wrapper.cfbundle; includeInIndex = 0; path = SearchGIFTests.xctest; sourceTree = BUILT_PRODUCTS_DIR; };
		3DB266C02936608A00A6F852 /* SearchGIFTests.swift */ = {isa = PBXFileReference; lastKnownFileType = sourcecode.swift; path = SearchGIFTests.swift; sourceTree = "<group>"; };
		3DB266C62936608A00A6F852 /* SearchGIFUITests.xctest */ = {isa = PBXFileReference; explicitFileType = wrapper.cfbundle; includeInIndex = 0; path = SearchGIFUITests.xctest; sourceTree = BUILT_PRODUCTS_DIR; };
		3DB266CA2936608A00A6F852 /* SearchGIFUITests.swift */ = {isa = PBXFileReference; lastKnownFileType = sourcecode.swift; path = SearchGIFUITests.swift; sourceTree = "<group>"; };
		3DB266CC2936608A00A6F852 /* SearchGIFUITestsLaunchTests.swift */ = {isa = PBXFileReference; lastKnownFileType = sourcecode.swift; path = SearchGIFUITestsLaunchTests.swift; sourceTree = "<group>"; };
/* End PBXFileReference section */

/* Begin PBXFrameworksBuildPhase section */
		3DB266A92936608700A6F852 /* Frameworks */ = {
			isa = PBXFrameworksBuildPhase;
			buildActionMask = 2147483647;
			files = (
			);
			runOnlyForDeploymentPostprocessing = 0;
		};
		3DB266B92936608A00A6F852 /* Frameworks */ = {
			isa = PBXFrameworksBuildPhase;
			buildActionMask = 2147483647;
			files = (
			);
			runOnlyForDeploymentPostprocessing = 0;
		};
		3DB266C32936608A00A6F852 /* Frameworks */ = {
			isa = PBXFrameworksBuildPhase;
			buildActionMask = 2147483647;
			files = (
			);
			runOnlyForDeploymentPostprocessing = 0;
		};
/* End PBXFrameworksBuildPhase section */

/* Begin PBXGroup section */
		3DB266A32936608700A6F852 = {
			isa = PBXGroup;
			children = (
				3DB266AE2936608700A6F852 /* SearchGIF */,
				3DB266BF2936608A00A6F852 /* SearchGIFTests */,
				3DB266C92936608A00A6F852 /* SearchGIFUITests */,
				3DB266AD2936608700A6F852 /* Products */,
			);
			sourceTree = "<group>";
		};
		3DB266AD2936608700A6F852 /* Products */ = {
			isa = PBXGroup;
			children = (
				3DB266AC2936608700A6F852 /* SearchGIF.app */,
				3DB266BC2936608A00A6F852 /* SearchGIFTests.xctest */,
				3DB266C62936608A00A6F852 /* SearchGIFUITests.xctest */,
			);
			name = Products;
			sourceTree = "<group>";
		};
		3DB266AE2936608700A6F852 /* SearchGIF */ = {
			isa = PBXGroup;
			children = (
				3DB266AF2936608700A6F852 /* SearchGIFApp.swift */,
				3DB266B12936608700A6F852 /* ContentView.swift */,
				3DB266B32936608A00A6F852 /* Assets.xcassets */,
				3DB266B52936608A00A6F852 /* Preview Content */,
			);
			path = SearchGIF;
			sourceTree = "<group>";
		};
		3DB266B52936608A00A6F852 /* Preview Content */ = {
			isa = PBXGroup;
			children = (
				3DB266B62936608A00A6F852 /* Preview Assets.xcassets */,
			);
			path = "Preview Content";
			sourceTree = "<group>";
		};
		3DB266BF2936608A00A6F852 /* SearchGIFTests */ = {
			isa = PBXGroup;
			children = (
				3DB266C02936608A00A6F852 /* SearchGIFTests.swift */,
			);
			path = SearchGIFTests;
			sourceTree = "<group>";
		};
		3DB266C92936608A00A6F852 /* SearchGIFUITests */ = {
			isa = PBXGroup;
			children = (
				3DB266CA2936608A00A6F852 /* SearchGIFUITests.swift */,
				3DB266CC2936608A00A6F852 /* SearchGIFUITestsLaunchTests.swift */,
			);
			path = SearchGIFUITests;
			sourceTree = "<group>";
		};
/* End PBXGroup section */

/* Begin PBXNativeTarget section */
		3DB266AB2936608700A6F852 /* SearchGIF */ = {
			isa = PBXNativeTarget;
			buildConfigurationList = 3DB266D02936608B00A6F852 /* Build configuration list for PBXNativeTarget "SearchGIF" */;
			buildPhases = (
				3DB266A82936608700A6F852 /* Sources */,
				3DB266A92936608700A6F852 /* Frameworks */,
				3DB266AA2936608700A6F852 /* Resources */,
			);
			buildRules = (
			);
			dependencies = (
			);
			name = SearchGIF;
			productName = SearchGIF;
			productReference = 3DB266AC2936608700A6F852 /* SearchGIF.app */;
			productType = "com.apple.product-type.application";
		};
		3DB266BB2936608A00A6F852 /* SearchGIFTests */ = {
			isa = PBXNativeTarget;
			buildConfigurationList = 3DB266D32936608B00A6F852 /* Build configuration list for PBXNativeTarget "SearchGIFTests" */;
			buildPhases = (
				3DB266B82936608A00A6F852 /* Sources */,
				3DB266B92936608A00A6F852 /* Frameworks */,
				3DB266BA2936608A00A6F852 /* Resources */,
			);
			buildRules = (
			);
			dependencies = (
				3DB266BE2936608A00A6F852 /* PBXTargetDependency */,
			);
			name = SearchGIFTests;
			productName = SearchGIFTests;
			productReference = 3DB266BC2936608A00A6F852 /* SearchGIFTests.xctest */;
			productType = "com.apple.product-type.bundle.unit-test";
		};
		3DB266C52936608A00A6F852 /* SearchGIFUITests */ = {
			isa = PBXNativeTarget;
			buildConfigurationList = 3DB266D62936608B00A6F852 /* Build configuration list for PBXNativeTarget "SearchGIFUITests" */;
			buildPhases = (
				3DB266C22936608A00A6F852 /* Sources */,
				3DB266C32936608A00A6F852 /* Frameworks */,
				3DB266C42936608A00A6F852 /* Resources */,
			);
			buildRules = (
			);
			dependencies = (
				3DB266C82936608A00A6F852 /* PBXTargetDependency */,
			);
			name = SearchGIFUITests;
			productName = SearchGIFUITests;
			productReference = 3DB266C62936608A00A6F852 /* SearchGIFUITests.xctest */;
			productType = "com.apple.product-type.bundle.ui-testing";
		};
/* End PBXNativeTarget section */

/* Begin PBXProject section */
		3DB266A42936608700A6F852 /* Project object */ = {
			isa = PBXProject;
			attributes = {
				BuildIndependentTargetsInParallel = 1;
				LastSwiftUpdateCheck = 1410;
				LastUpgradeCheck = 1410;
				TargetAttributes = {
					3DB266AB2936608700A6F852 = {
						CreatedOnToolsVersion = 14.1;
					};
					3DB266BB2936608A00A6F852 = {
						CreatedOnToolsVersion = 14.1;
						TestTargetID = 3DB266AB2936608700A6F852;
					};
					3DB266C52936608A00A6F852 = {
						CreatedOnToolsVersion = 14.1;
						TestTargetID = 3DB266AB2936608700A6F852;
					};
				};
			};
			buildConfigurationList = 3DB266A72936608700A6F852 /* Build configuration list for PBXProject "SearchGIF" */;
			compatibilityVersion = "Xcode 14.0";
			developmentRegion = en;
			hasScannedForEncodings = 0;
			knownRegions = (
				en,
				Base,
			);
			mainGroup = 3DB266A32936608700A6F852;
			productRefGroup = 3DB266AD2936608700A6F852 /* Products */;
			projectDirPath = "";
			projectRoot = "";
			targets = (
				3DB266AB2936608700A6F852 /* SearchGIF */,
				3DB266BB2936608A00A6F852 /* SearchGIFTests */,
				3DB266C52936608A00A6F852 /* SearchGIFUITests */,
			);
		};
/* End PBXProject section */

/* Begin PBXResourcesBuildPhase section */
		3DB266AA2936608700A6F852 /* Resources */ = {
			isa = PBXResourcesBuildPhase;
			buildActionMask = 2147483647;
			files = (
				3DB266B72936608A00A6F852 /* Preview Assets.xcassets in Resources */,
				3DB266B42936608A00A6F852 /* Assets.xcassets in Resources */,
			);
			runOnlyForDeploymentPostprocessing = 0;
		};
		3DB266BA2936608A00A6F852 /* Resources */ = {
			isa = PBXResourcesBuildPhase;
			buildActionMask = 2147483647;
			files = (
			);
			runOnlyForDeploymentPostprocessing = 0;
		};
		3DB266C42936608A00A6F852 /* Resources */ = {
			isa = PBXResourcesBuildPhase;
			buildActionMask = 2147483647;
			files = (
			);
			runOnlyForDeploymentPostprocessing = 0;
		};
/* End PBXResourcesBuildPhase section */

/* Begin PBXSourcesBuildPhase section */
		3DB266A82936608700A6F852 /* Sources */ = {
			isa = PBXSourcesBuildPhase;
			buildActionMask = 2147483647;
			files = (
				3DB266B22936608700A6F852 /* ContentView.swift in Sources */,
				3DB266B02936608700A6F852 /* SearchGIFApp.swift in Sources */,
			);
			runOnlyForDeploymentPostprocessing = 0;
		};
		3DB266B82936608A00A6F852 /* Sources */ = {
			isa = PBXSourcesBuildPhase;
			buildActionMask = 2147483647;
			files = (
				3DB266C12936608A00A6F852 /* SearchGIFTests.swift in Sources */,
			);
			runOnlyForDeploymentPostprocessing = 0;
		};
		3DB266C22936608A00A6F852 /* Sources */ = {
			isa = PBXSourcesBuildPhase;
			buildActionMask = 2147483647;
			files = (
				3DB266CB2936608A00A6F852 /* SearchGIFUITests.swift in Sources */,
				3DB266CD2936608A00A6F852 /* SearchGIFUITestsLaunchTests.swift in Sources */,
			);
			runOnlyForDeploymentPostprocessing = 0;
		};
/* End PBXSourcesBuildPhase section */

/* Begin PBXTargetDependency section */
		3DB266BE2936608A00A6F852 /* PBXTargetDependency */ = {
			isa = PBXTargetDependency;
			target = 3DB266AB2936608700A6F852 /* SearchGIF */;
			targetProxy = 3DB266BD2936608A00A6F852 /* PBXContainerItemProxy */;
		};
		3DB266C82936608A00A6F852 /* PBXTargetDependency */ = {
			isa = PBXTargetDependency;
			target = 3DB266AB2936608700A6F852 /* SearchGIF */;
			targetProxy = 3DB266C72936608A00A6F852 /* PBXContainerItemProxy */;
		};
/* End PBXTargetDependency section */

/* Begin XCBuildConfiguration section */
		3DB266CE2936608A00A6F852 /* Debug */ = {
			isa = XCBuildConfiguration;
			buildSettings = {
				ALWAYS_SEARCH_USER_PATHS = NO;
				CLANG_ANALYZER_NONNULL = YES;
				CLANG_ANALYZER_NUMBER_OBJECT_CONVERSION = YES_AGGRESSIVE;
				CLANG_CXX_LANGUAGE_STANDARD = "gnu++20";
				CLANG_ENABLE_MODULES = YES;
				CLANG_ENABLE_OBJC_ARC = YES;
				CLANG_ENABLE_OBJC_WEAK = YES;
				CLANG_WARN_BLOCK_CAPTURE_AUTORELEASING = YES;
				CLANG_WARN_BOOL_CONVERSION = YES;
				CLANG_WARN_COMMA = YES;
				CLANG_WARN_CONSTANT_CONVERSION = YES;
				CLANG_WARN_DEPRECATED_OBJC_IMPLEMENTATIONS = YES;
				CLANG_WARN_DIRECT_OBJC_ISA_USAGE = YES_ERROR;
				CLANG_WARN_DOCUMENTATION_COMMENTS = YES;
				CLANG_WARN_EMPTY_BODY = YES;
				CLANG_WARN_ENUM_CONVERSION = YES;
				CLANG_WARN_INFINITE_RECURSION = YES;
				CLANG_WARN_INT_CONVERSION = YES;
				CLANG_WARN_NON_LITERAL_NULL_CONVERSION = YES;
				CLANG_WARN_OBJC_IMPLICIT_RETAIN_SELF = YES;
				CLANG_WARN_OBJC_LITERAL_CONVERSION = YES;
				CLANG_WARN_OBJC_ROOT_CLASS = YES_ERROR;
				CLANG_WARN_QUOTED_INCLUDE_IN_FRAMEWORK_HEADER = YES;
				CLANG_WARN_RANGE_LOOP_ANALYSIS = YES;
				CLANG_WARN_STRICT_PROTOTYPES = YES;
				CLANG_WARN_SUSPICIOUS_MOVE = YES;
				CLANG_WARN_UNGUARDED_AVAILABILITY = YES_AGGRESSIVE;
				CLANG_WARN_UNREACHABLE_CODE = YES;
				CLANG_WARN__DUPLICATE_METHOD_MATCH = YES;
				COPY_PHASE_STRIP = NO;
				DEBUG_INFORMATION_FORMAT = dwarf;
				ENABLE_STRICT_OBJC_MSGSEND = YES;
				ENABLE_TESTABILITY = YES;
				GCC_C_LANGUAGE_STANDARD = gnu11;
				GCC_DYNAMIC_NO_PIC = NO;
				GCC_NO_COMMON_BLOCKS = YES;
				GCC_OPTIMIZATION_LEVEL = 0;
				GCC_PREPROCESSOR_DEFINITIONS = (
					"DEBUG=1",
					"$(inherited)",
				);
				GCC_WARN_64_TO_32_BIT_CONVERSION = YES;
				GCC_WARN_ABOUT_RETURN_TYPE = YES_ERROR;
				GCC_WARN_UNDECLARED_SELECTOR = YES;
				GCC_WARN_UNINITIALIZED_AUTOS = YES_AGGRESSIVE;
				GCC_WARN_UNUSED_FUNCTION = YES;
				GCC_WARN_UNUSED_VARIABLE = YES;
				IPHONEOS_DEPLOYMENT_TARGET = 16.1;
				MTL_ENABLE_DEBUG_INFO = INCLUDE_SOURCE;
				MTL_FAST_MATH = YES;
				ONLY_ACTIVE_ARCH = YES;
				SDKROOT = iphoneos;
				SWIFT_ACTIVE_COMPILATION_CONDITIONS = DEBUG;
				SWIFT_OPTIMIZATION_LEVEL = "-Onone";
			};
			name = Debug;
		};
		3DB266CF2936608A00A6F852 /* Release */ = {
			isa = XCBuildConfiguration;
			buildSettings = {
				ALWAYS_SEARCH_USER_PATHS = NO;
				CLANG_ANALYZER_NONNULL = YES;
				CLANG_ANALYZER_NUMBER_OBJECT_CONVERSION = YES_AGGRESSIVE;
				CLANG_CXX_LANGUAGE_STANDARD = "gnu++20";
				CLANG_ENABLE_MODULES = YES;
				CLANG_ENABLE_OBJC_ARC = YES;
				CLANG_ENABLE_OBJC_WEAK = YES;
				CLANG_WARN_BLOCK_CAPTURE_AUTORELEASING = YES;
				CLANG_WARN_BOOL_CONVERSION = YES;
				CLANG_WARN_COMMA = YES;
				CLANG_WARN_CONSTANT_CONVERSION = YES;
				CLANG_WARN_DEPRECATED_OBJC_IMPLEMENTATIONS = YES;
				CLANG_WARN_DIRECT_OBJC_ISA_USAGE = YES_ERROR;
				CLANG_WARN_DOCUMENTATION_COMMENTS = YES;
				CLANG_WARN_EMPTY_BODY = YES;
				CLANG_WARN_ENUM_CONVERSION = YES;
				CLANG_WARN_INFINITE_RECURSION = YES;
				CLANG_WARN_INT_CONVERSION = YES;
				CLANG_WARN_NON_LITERAL_NULL_CONVERSION = YES;
				CLANG_WARN_OBJC_IMPLICIT_RETAIN_SELF = YES;
				CLANG_WARN_OBJC_LITERAL_CONVERSION = YES;
				CLANG_WARN_OBJC_ROOT_CLASS = YES_ERROR;
				CLANG_WARN_QUOTED_INCLUDE_IN_FRAMEWORK_HEADER = YES;
				CLANG_WARN_RANGE_LOOP_ANALYSIS = YES;
				CLANG_WARN_STRICT_PROTOTYPES = YES;
				CLANG_WARN_SUSPICIOUS_MOVE = YES;
				CLANG_WARN_UNGUARDED_AVAILABILITY = YES_AGGRESSIVE;
				CLANG_WARN_UNREACHABLE_CODE = YES;
				CLANG_WARN__DUPLICATE_METHOD_MATCH = YES;
				COPY_PHASE_STRIP = NO;
				DEBUG_INFORMATION_FORMAT = "dwarf-with-dsym";
				ENABLE_NS_ASSERTIONS = NO;
				ENABLE_STRICT_OBJC_MSGSEND = YES;
				GCC_C_LANGUAGE_STANDARD = gnu11;
				GCC_NO_COMMON_BLOCKS = YES;
				GCC_WARN_64_TO_32_BIT_CONVERSION = YES;
				GCC_WARN_ABOUT_RETURN_TYPE = YES_ERROR;
				GCC_WARN_UNDECLARED_SELECTOR = YES;
				GCC_WARN_UNINITIALIZED_AUTOS = YES_AGGRESSIVE;
				GCC_WARN_UNUSED_FUNCTION = YES;
				GCC_WARN_UNUSED_VARIABLE = YES;
				IPHONEOS_DEPLOYMENT_TARGET = 16.1;
				MTL_ENABLE_DEBUG_INFO = NO;
				MTL_FAST_MATH = YES;
				SDKROOT = iphoneos;
				SWIFT_COMPILATION_MODE = wholemodule;
				SWIFT_OPTIMIZATION_LEVEL = "-O";
				VALIDATE_PRODUCT = YES;
			};
			name = Release;
		};
		3DB266D12936608B00A6F852 /* Debug */ = {
			isa = XCBuildConfiguration;
			buildSettings = {
				ASSETCATALOG_COMPILER_APPICON_NAME = AppIcon;
				ASSETCATALOG_COMPILER_GLOBAL_ACCENT_COLOR_NAME = AccentColor;
				CODE_SIGN_STYLE = Automatic;
				CURRENT_PROJECT_VERSION = 1;
				DEVELOPMENT_ASSET_PATHS = "\"SearchGIF/Preview Content\"";
				DEVELOPMENT_TEAM = V5FJ4CN58H;
				ENABLE_PREVIEWS = YES;
				GENERATE_INFOPLIST_FILE = YES;
				INFOPLIST_KEY_UIApplicationSceneManifest_Generation = YES;
				INFOPLIST_KEY_UIApplicationSupportsIndirectInputEvents = YES;
				INFOPLIST_KEY_UILaunchScreen_Generation = YES;
				INFOPLIST_KEY_UISupportedInterfaceOrientations_iPad = "UIInterfaceOrientationPortrait UIInterfaceOrientationPortraitUpsideDown UIInterfaceOrientationLandscapeLeft UIInterfaceOrientationLandscapeRight";
				INFOPLIST_KEY_UISupportedInterfaceOrientations_iPhone = "UIInterfaceOrientationPortrait UIInterfaceOrientationLandscapeLeft UIInterfaceOrientationLandscapeRight";
				LD_RUNPATH_SEARCH_PATHS = (
					"$(inherited)",
					"@executable_path/Frameworks",
				);
				MARKETING_VERSION = 1.0;
				PRODUCT_BUNDLE_IDENTIFIER = chiliLabs.SearchGIF;
				PRODUCT_NAME = "$(TARGET_NAME)";
				SWIFT_EMIT_LOC_STRINGS = YES;
				SWIFT_VERSION = 5.0;
				TARGETED_DEVICE_FAMILY = "1,2";
			};
			name = Debug;
		};
		3DB266D22936608B00A6F852 /* Release */ = {
			isa = XCBuildConfiguration;
			buildSettings = {
				ASSETCATALOG_COMPILER_APPICON_NAME = AppIcon;
				ASSETCATALOG_COMPILER_GLOBAL_ACCENT_COLOR_NAME = AccentColor;
				CODE_SIGN_STYLE = Automatic;
				CURRENT_PROJECT_VERSION = 1;
				DEVELOPMENT_ASSET_PATHS = "\"SearchGIF/Preview Content\"";
				DEVELOPMENT_TEAM = V5FJ4CN58H;
				ENABLE_PREVIEWS = YES;
				GENERATE_INFOPLIST_FILE = YES;
				INFOPLIST_KEY_UIApplicationSceneManifest_Generation = YES;
				INFOPLIST_KEY_UIApplicationSupportsIndirectInputEvents = YES;
				INFOPLIST_KEY_UILaunchScreen_Generation = YES;
				INFOPLIST_KEY_UISupportedInterfaceOrientations_iPad = "UIInterfaceOrientationPortrait UIInterfaceOrientationPortraitUpsideDown UIInterfaceOrientationLandscapeLeft UIInterfaceOrientationLandscapeRight";
				INFOPLIST_KEY_UISupportedInterfaceOrientations_iPhone = "UIInterfaceOrientationPortrait UIInterfaceOrientationLandscapeLeft UIInterfaceOrientationLandscapeRight";
				LD_RUNPATH_SEARCH_PATHS = (
					"$(inherited)",
					"@executable_path/Frameworks",
				);
				MARKETING_VERSION = 1.0;
				PRODUCT_BUNDLE_IDENTIFIER = chiliLabs.SearchGIF;
				PRODUCT_NAME = "$(TARGET_NAME)";
				SWIFT_EMIT_LOC_STRINGS = YES;
				SWIFT_VERSION = 5.0;
				TARGETED_DEVICE_FAMILY = "1,2";
			};
			name = Release;
		};
		3DB266D42936608B00A6F852 /* Debug */ = {
			isa = XCBuildConfiguration;
			buildSettings = {
				ALWAYS_EMBED_SWIFT_STANDARD_LIBRARIES = YES;
				BUNDLE_LOADER = "$(TEST_HOST)";
				CODE_SIGN_STYLE = Automatic;
				CURRENT_PROJECT_VERSION = 1;
				DEVELOPMENT_TEAM = V5FJ4CN58H;
				GENERATE_INFOPLIST_FILE = YES;
				IPHONEOS_DEPLOYMENT_TARGET = 16.1;
				MARKETING_VERSION = 1.0;
				PRODUCT_BUNDLE_IDENTIFIER = chiliLabs.SearchGIFTests;
				PRODUCT_NAME = "$(TARGET_NAME)";
				SWIFT_EMIT_LOC_STRINGS = NO;
				SWIFT_VERSION = 5.0;
				TARGETED_DEVICE_FAMILY = "1,2";
				TEST_HOST = "$(BUILT_PRODUCTS_DIR)/SearchGIF.app/$(BUNDLE_EXECUTABLE_FOLDER_PATH)/SearchGIF";
			};
			name = Debug;
		};
		3DB266D52936608B00A6F852 /* Release */ = {
			isa = XCBuildConfiguration;
			buildSettings = {
				ALWAYS_EMBED_SWIFT_STANDARD_LIBRARIES = YES;
				BUNDLE_LOADER = "$(TEST_HOST)";
				CODE_SIGN_STYLE = Automatic;
				CURRENT_PROJECT_VERSION = 1;
				DEVELOPMENT_TEAM = V5FJ4CN58H;
				GENERATE_INFOPLIST_FILE = YES;
				IPHONEOS_DEPLOYMENT_TARGET = 16.1;
				MARKETING_VERSION = 1.0;
				PRODUCT_BUNDLE_IDENTIFIER = chiliLabs.SearchGIFTests;
				PRODUCT_NAME = "$(TARGET_NAME)";
				SWIFT_EMIT_LOC_STRINGS = NO;
				SWIFT_VERSION = 5.0;
				TARGETED_DEVICE_FAMILY = "1,2";
				TEST_HOST = "$(BUILT_PRODUCTS_DIR)/SearchGIF.app/$(BUNDLE_EXECUTABLE_FOLDER_PATH)/SearchGIF";
			};
			name = Release;
		};
		3DB266D72936608B00A6F852 /* Debug */ = {
			isa = XCBuildConfiguration;
			buildSettings = {
				ALWAYS_EMBED_SWIFT_STANDARD_LIBRARIES = YES;
				CODE_SIGN_STYLE = Automatic;
				CURRENT_PROJECT_VERSION = 1;
				DEVELOPMENT_TEAM = V5FJ4CN58H;
				GENERATE_INFOPLIST_FILE = YES;
				MARKETING_VERSION = 1.0;
				PRODUCT_BUNDLE_IDENTIFIER = chiliLabs.SearchGIFUITests;
				PRODUCT_NAME = "$(TARGET_NAME)";
				SWIFT_EMIT_LOC_STRINGS = NO;
				SWIFT_VERSION = 5.0;
				TARGETED_DEVICE_FAMILY = "1,2";
				TEST_TARGET_NAME = SearchGIF;
			};
			name = Debug;
		};
		3DB266D82936608B00A6F852 /* Release */ = {
			isa = XCBuildConfiguration;
			buildSettings = {
				ALWAYS_EMBED_SWIFT_STANDARD_LIBRARIES = YES;
				CODE_SIGN_STYLE = Automatic;
				CURRENT_PROJECT_VERSION = 1;
				DEVELOPMENT_TEAM = V5FJ4CN58H;
				GENERATE_INFOPLIST_FILE = YES;
				MARKETING_VERSION = 1.0;
				PRODUCT_BUNDLE_IDENTIFIER = chiliLabs.SearchGIFUITests;
				PRODUCT_NAME = "$(TARGET_NAME)";
				SWIFT_EMIT_LOC_STRINGS = NO;
				SWIFT_VERSION = 5.0;
				TARGETED_DEVICE_FAMILY = "1,2";
				TEST_TARGET_NAME = SearchGIF;
			};
			name = Release;
		};
/* End XCBuildConfiguration section */

/* Begin XCConfigurationList section */
		3DB266A72936608700A6F852 /* Build configuration list for PBXProject "SearchGIF" */ = {
			isa = XCConfigurationList;
			buildConfigurations = (
				3DB266CE2936608A00A6F852 /* Debug */,
				3DB266CF2936608A00A6F852 /* Release */,
			);
			defaultConfigurationIsVisible = 0;
			defaultConfigurationName = Release;
		};
		3DB266D02936608B00A6F852 /* Build configuration list for PBXNativeTarget "SearchGIF" */ = {
			isa = XCConfigurationList;
			buildConfigurations = (
				3DB266D12936608B00A6F852 /* Debug */,
				3DB266D22936608B00A6F852 /* Release */,
			);
			defaultConfigurationIsVisible = 0;
			defaultConfigurationName = Release;
		};
		3DB266D32936608B00A6F852 /* Build configuration list for PBXNativeTarget "SearchGIFTests" */ = {
			isa = XCConfigurationList;
			buildConfigurations = (
				3DB266D42936608B00A6F852 /* Debug */,
				3DB266D52936608B00A6F852 /* Release */,
			);
			defaultConfigurationIsVisible = 0;
			defaultConfigurationName = Release;
		};
		3DB266D62936608B00A6F852 /* Build configuration list for PBXNativeTarget "SearchGIFUITests" */ = {
			isa = XCConfigurationList;
			buildConfigurations = (
				3DB266D72936608B00A6F852 /* Debug */,
				3DB266D82936608B00A6F852 /* Release */,
			);
			defaultConfigurationIsVisible = 0;
			defaultConfigurationName = Release;
		};
/* End XCConfigurationList section */
	};
	rootObject = 3DB266A42936608700A6F852 /* Project object */;
}
